
Microsoft Visual Studio Solution File, Format Version 12.00
# Visual Studio Version 17
VisualStudioVersion = 17.11.35222.181
MinimumVisualStudioVersion = 10.0.40219.1
Project("{9A19103F-16F7-4668-BE54-9A1E7A4F7556}") = "Project1", "Project1.csproj", "{3F09ABAA-C4C4-4231-83EB-9F26891A3FD7}"
EndProject
Global
	GlobalSection(SolutionConfigurationPlatforms) = preSolution
		Debug|Any CPU = Debug|Any CPU
		Release|Any CPU = Release|Any CPU
	EndGlobalSection
	GlobalSection(ProjectConfigurationPlatforms) = postSolution
		{3F09ABAA-C4C4-4231-83EB-9F26891A3FD7}.Debug|Any CPU.ActiveCfg = Debug|Any CPU
		{3F09ABAA-C4C4-4231-83EB-9F26891A3FD7}.Debug|Any CPU.Build.0 = Debug|Any CPU
		{3F09ABAA-C4C4-4231-83EB-9F26891A3FD7}.Release|Any CPU.ActiveCfg = Release|Any CPU
		{3F09ABAA-C4C4-4231-83EB-9F26891A3FD7}.Release|Any CPU.Build.0 = Release|Any CPU
	EndGlobalSection
	GlobalSection(SolutionProperties) = preSolution
		HideSolutionNode = FALSE
	EndGlobalSection
	GlobalSection(ExtensibilityGlobals) = postSolution
		SolutionGuid = {F4B12303-A6B5-428A-B288-D43A1D802857}
	EndGlobalSection
EndGlobal
